// !$*UTF8*$!
{
	archiveVersion = 1;
	classes = {
	};
	objectVersion = 46;
	objects = {

/* Begin PBXBuildFile section */
		D9E0D5641DE5663A00179464 /* AppDelegate.swift in Sources */ = {isa = PBXBuildFile; fileRef = D9E0D5631DE5663A00179464 /* AppDelegate.swift */; };
		D9E0D5661DE5663A00179464 /* ViewController.swift in Sources */ = {isa = PBXBuildFile; fileRef = D9E0D5651DE5663A00179464 /* ViewController.swift */; };
		D9E0D5681DE5663A00179464 /* Assets.xcassets in Resources */ = {isa = PBXBuildFile; fileRef = D9E0D5671DE5663A00179464 /* Assets.xcassets */; };
		D9E0D56B1DE5663A00179464 /* Main.storyboard in Resources */ = {isa = PBXBuildFile; fileRef = D9E0D5691DE5663A00179464 /* Main.storyboard */; };
/* End PBXBuildFile section */

/* Begin PBXFileReference section */
		D9E0D5601DE5663A00179464 /* VideoFrameProcessDemo.app */ = {isa = PBXFileReference; explicitFileType = wrapper.application; includeInIndex = 0; path = VideoFrameProcessDemo.app; sourceTree = BUILT_PRODUCTS_DIR; };
		D9E0D5631DE5663A00179464 /* AppDelegate.swift */ = {isa = PBXFileReference; lastKnownFileType = sourcecode.swift; path = AppDelegate.swift; sourceTree = "<group>"; };
		D9E0D5651DE5663A00179464 /* ViewController.swift */ = {isa = PBXFileReference; lastKnownFileType = sourcecode.swift; path = ViewController.swift; sourceTree = "<group>"; };
		D9E0D5671DE5663A00179464 /* Assets.xcassets */ = {isa = PBXFileReference; lastKnownFileType = folder.assetcatalog; path = Assets.xcassets; sourceTree = "<group>"; };
		D9E0D56A1DE5663A00179464 /* Base */ = {isa = PBXFileReference; lastKnownFileType = file.storyboard; name = Base; path = Base.lproj/Main.storyboard; sourceTree = "<group>"; };
		D9E0D56C1DE5663A00179464 /* Info.plist */ = {isa = PBXFileReference; lastKnownFileType = text.plist.xml; path = Info.plist; sourceTree = "<group>"; };
/* End PBXFileReference section */

/* Begin PBXFrameworksBuildPhase section */
		D9E0D55D1DE5663900179464 /* Frameworks */ = {
			isa = PBXFrameworksBuildPhase;
			buildActionMask = 2147483647;
			files = (
			);
			runOnlyForDeploymentPostprocessing = 0;
		};
/* End PBXFrameworksBuildPhase section */

/* Begin PBXGroup section */
		D9E0D5571DE5663900179464 = {
			isa = PBXGroup;
			children = (
				D9E0D5621DE5663A00179464 /* VideoFrameProcessDemo */,
				D9E0D5611DE5663A00179464 /* Products */,
			);
			sourceTree = "<group>";
		};
		D9E0D5611DE5663A00179464 /* Products */ = {
			isa = PBXGroup;
			children = (
				D9E0D5601DE5663A00179464 /* VideoFrameProcessDemo.app */,
			);
			name = Products;
			sourceTree = "<group>";
		};
		D9E0D5621DE5663A00179464 /* VideoFrameProcessDemo */ = {
			isa = PBXGroup;
			children = (
				D9E0D5631DE5663A00179464 /* AppDelegate.swift */,
				D9E0D5651DE5663A00179464 /* ViewController.swift */,
				D9E0D5671DE5663A00179464 /* Assets.xcassets */,
				D9E0D5691DE5663A00179464 /* Main.storyboard */,
				D9E0D56C1DE5663A00179464 /* Info.plist */,
			);
			path = VideoFrameProcessDemo;
			sourceTree = "<group>";
		};
/* End PBXGroup section */

/* Begin PBXNativeTarget section */
		D9E0D55F1DE5663900179464 /* VideoFrameProcessDemo */ = {
			isa = PBXNativeTarget;
			buildConfigurationList = D9E0D56F1DE5663A00179464 /* Build configuration list for PBXNativeTarget "VideoFrameProcessDemo" */;
			buildPhases = (
				D9E0D55C1DE5663900179464 /* Sources */,
				D9E0D55D1DE5663900179464 /* Frameworks */,
				D9E0D55E1DE5663900179464 /* Resources */,
			);
			buildRules = (
			);
			dependencies = (
			);
			name = VideoFrameProcessDemo;
			productName = VideoFrameProcessDemo;
			productReference = D9E0D5601DE5663A00179464 /* VideoFrameProcessDemo.app */;
			productType = "com.apple.product-type.application";
		};
/* End PBXNativeTarget section */

/* Begin PBXProject section */
		D9E0D5581DE5663900179464 /* Project object */ = {
			isa = PBXProject;
			attributes = {
				LastSwiftUpdateCheck = 0810;
				LastUpgradeCheck = 0810;
				ORGANIZATIONNAME = Xiomar;
				TargetAttributes = {
					D9E0D55F1DE5663900179464 = {
						CreatedOnToolsVersion = 8.1;
						ProvisioningStyle = Automatic;
					};
				};
			};
			buildConfigurationList = D9E0D55B1DE5663900179464 /* Build configuration list for PBXProject "VideoFrameProcessDemo" */;
			compatibilityVersion = "Xcode 3.2";
			developmentRegion = English;
			hasScannedForEncodings = 0;
			knownRegions = (
				en,
				Base,
			);
			mainGroup = D9E0D5571DE5663900179464;
			productRefGroup = D9E0D5611DE5663A00179464 /* Products */;
			projectDirPath = "";
			projectRoot = "";
			targets = (
				D9E0D55F1DE5663900179464 /* VideoFrameProcessDemo */,
			);
		};
/* End PBXProject section */

/* Begin PBXResourcesBuildPhase section */
		D9E0D55E1DE5663900179464 /* Resources */ = {
			isa = PBXResourcesBuildPhase;
			buildActionMask = 2147483647;
			files = (
				D9E0D5681DE5663A00179464 /* Assets.xcassets in Resources */,
				D9E0D56B1DE5663A00179464 /* Main.storyboard in Resources */,
			);
			runOnlyForDeploymentPostprocessing = 0;
		};
/* End PBXResourcesBuildPhase section */

/* Begin PBXSourcesBuildPhase section */
		D9E0D55C1DE5663900179464 /* Sources */ = {
			isa = PBXSourcesBuildPhase;
			buildActionMask = 2147483647;
			files = (
				D9E0D5661DE5663A00179464 /* ViewController.swift in Sources */,
				D9E0D5641DE5663A00179464 /* AppDelegate.swift in Sources */,
			);
			runOnlyForDeploymentPostprocessing = 0;
		};
/* End PBXSourcesBuildPhase section */

/* Begin PBXVariantGroup section */
		D9E0D5691DE5663A00179464 /* Main.storyboard */ = {
			isa = PBXVariantGroup;
			children = (
				D9E0D56A1DE5663A00179464 /* Base */,
			);
			name = Main.storyboard;
			sourceTree = "<group>";
		};
/* End PBXVariantGroup section */

/* Begin XCBuildConfiguration section */
		D9E0D56D1DE5663A00179464 /* Debug */ = {
			isa = XCBuildConfiguration;
			buildSettings = {
				ALWAYS_SEARCH_USER_PATHS = NO;
				CLANG_ANALYZER_NONNULL = YES;
				CLANG_CXX_LANGUAGE_STANDARD = "gnu++0x";
				CLANG_CXX_LIBRARY = "libc++";
				CLANG_ENABLE_MODULES = YES;
				CLANG_ENABLE_OBJC_ARC = YES;
				CLANG_WARN_BOOL_CONVERSION = YES;
				CLANG_WARN_CONSTANT_CONVERSION = YES;
				CLANG_WARN_DIRECT_OBJC_ISA_USAGE = YES_ERROR;
				CLANG_WARN_DOCUMENTATION_COMMENTS = YES;
				CLANG_WARN_EMPTY_BODY = YES;
				CLANG_WARN_ENUM_CONVERSION = YES;
				CLANG_WARN_INFINITE_RECURSION = YES;
				CLANG_WARN_INT_CONVERSION = YES;
				CLANG_WARN_OBJC_ROOT_CLASS = YES_ERROR;
				CLANG_WARN_SUSPICIOUS_MOVES = YES;
				CLANG_WARN_UNREACHABLE_CODE = YES;
				CLANG_WARN__DUPLICATE_METHOD_MATCH = YES;
				CODE_SIGN_IDENTITY = "-";
				COPY_PHASE_STRIP = NO;
				DEBUG_INFORMATION_FORMAT = dwarf;
				ENABLE_STRICT_OBJC_MSGSEND = YES;
				ENABLE_TESTABILITY = YES;
				GCC_C_LANGUAGE_STANDARD = gnu99;
				GCC_DYNAMIC_NO_PIC = NO;
				GCC_NO_COMMON_BLOCKS = YES;
				GCC_OPTIMIZATION_LEVEL = 0;
				GCC_PREPROCESSOR_DEFINITIONS = (
					"DEBUG=1",
					"$(inherited)",
				);
				GCC_WARN_64_TO_32_BIT_CONVERSION = YES;
				GCC_WARN_ABOUT_RETURN_TYPE = YES_ERROR;
				GCC_WARN_UNDECLARED_SELECTOR = YES;
				GCC_WARN_UNINITIALIZED_AUTOS = YES_AGGRESSIVE;
				GCC_WARN_UNUSED_FUNCTION = YES;
				GCC_WARN_UNUSED_VARIABLE = YES;
				MACOSX_DEPLOYMENT_TARGET = 10.12;
				MTL_ENABLE_DEBUG_INFO = YES;
				ONLY_ACTIVE_ARCH = YES;
				SDKROOT = macosx;
				SWIFT_ACTIVE_COMPILATION_CONDITIONS = DEBUG;
				SWIFT_OPTIMIZATION_LEVEL = "-Onone";
			};
			name = Debug;
		};
		D9E0D56E1DE5663A00179464 /* Release */ = {
			isa = XCBuildConfiguration;
			buildSettings = {
				ALWAYS_SEARCH_USER_PATHS = NO;
				CLANG_ANALYZER_NONNULL = YES;
				CLANG_CXX_LANGUAGE_STANDARD = "gnu++0x";
				CLANG_CXX_LIBRARY = "libc++";
				CLANG_ENABLE_MODULES = YES;
				CLANG_ENABLE_OBJC_ARC = YES;
				CLANG_WARN_BOOL_CONVERSION = YES;
				CLANG_WARN_CONSTANT_CONVERSION = YES;
				CLANG_WARN_DIRECT_OBJC_ISA_USAGE = YES_ERROR;
				CLANG_WARN_DOCUMENTATION_COMMENTS = YES;
				CLANG_WARN_EMPTY_BODY = YES;
				CLANG_WARN_ENUM_CONVERSION = YES;
				CLANG_WARN_INFINITE_RECURSION = YES;
				CLANG_WARN_INT_CONVERSION = YES;
				CLANG_WARN_OBJC_ROOT_CLASS = YES_ERROR;
				CLANG_WARN_SUSPICIOUS_MOVES = YES;
				CLANG_WARN_UNREACHABLE_CODE = YES;
				CLANG_WARN__DUPLICATE_METHOD_MATCH = YES;
				CODE_SIGN_IDENTITY = "-";
				COPY_PHASE_STRIP = NO;
				DEBUG_INFORMATION_FORMAT = "dwarf-with-dsym";
				ENABLE_NS_ASSERTIONS = NO;
				ENABLE_STRICT_OBJC_MSGSEND = YES;
				GCC_C_LANGUAGE_STANDARD = gnu99;
				GCC_NO_COMMON_BLOCKS = YES;
				GCC_WARN_64_TO_32_BIT_CONVERSION = YES;
				GCC_WARN_ABOUT_RETURN_TYPE = YES_ERROR;
				GCC_WARN_UNDECLARED_SELECTOR = YES;
				GCC_WARN_UNINITIALIZED_AUTOS = YES_AGGRESSIVE;
				GCC_WARN_UNUSED_FUNCTION = YES;
				GCC_WARN_UNUSED_VARIABLE = YES;
				MACOSX_DEPLOYMENT_TARGET = 10.12;
				MTL_ENABLE_DEBUG_INFO = NO;
				SDKROOT = macosx;
				SWIFT_OPTIMIZATION_LEVEL = "-Owholemodule";
			};
			name = Release;
		};
		D9E0D5701DE5663A00179464 /* Debug */ = {
			isa = XCBuildConfiguration;
			buildSettings = {
				ASSETCATALOG_COMPILER_APPICON_NAME = AppIcon;
				COMBINE_HIDPI_IMAGES = YES;
				INFOPLIST_FILE = VideoFrameProcessDemo/Info.plist;
				LD_RUNPATH_SEARCH_PATHS = "$(inherited) @executable_path/../Frameworks";
				PRODUCT_BUNDLE_IDENTIFIER = com.xiomar.VideoFrameProcessDemo;
				PRODUCT_NAME = "$(TARGET_NAME)";
				SWIFT_VERSION = 3.0;
			};
			name = Debug;
		};
		D9E0D5711DE5663A00179464 /* Release */ = {
			isa = XCBuildConfiguration;
			buildSettings = {
				ASSETCATALOG_COMPILER_APPICON_NAME = AppIcon;
				COMBINE_HIDPI_IMAGES = YES;
				INFOPLIST_FILE = VideoFrameProcessDemo/Info.plist;
				LD_RUNPATH_SEARCH_PATHS = "$(inherited) @executable_path/../Frameworks";
				PRODUCT_BUNDLE_IDENTIFIER = com.xiomar.VideoFrameProcessDemo;
				PRODUCT_NAME = "$(TARGET_NAME)";
				SWIFT_VERSION = 3.0;
			};
			name = Release;
		};
/* End XCBuildConfiguration section */

/* Begin XCConfigurationList section */
		D9E0D55B1DE5663900179464 /* Build configuration list for PBXProject "VideoFrameProcessDemo" */ = {
			isa = XCConfigurationList;
			buildConfigurations = (
				D9E0D56D1DE5663A00179464 /* Debug */,
				D9E0D56E1DE5663A00179464 /* Release */,
			);
			defaultConfigurationIsVisible = 0;
			defaultConfigurationName = Release;
		};
		D9E0D56F1DE5663A00179464 /* Build configuration list for PBXNativeTarget "VideoFrameProcessDemo" */ = {
			isa = XCConfigurationList;
			buildConfigurations = (
				D9E0D5701DE5663A00179464 /* Debug */,
				D9E0D5711DE5663A00179464 /* Release */,
			);
			defaultConfigurationIsVisible = 0;
		};
/* End XCConfigurationList section */
	};
	rootObject = D9E0D5581DE5663900179464 /* Project object */;
}
